
Microsoft Visual Studio Solution File, Format Version 12.00
# Visual Studio 15
VisualStudioVersion = 15.0.28307.572
MinimumVisualStudioVersion = 10.0.40219.1
Project("{FAE04EC0-301F-11D3-BF4B-00C04F79EFBC}") = "OknoTestowe", "OknoTestowe\OknoTestowe.csproj", "{19AAF187-495A-4D83-94A1-EF5F395F4AEA}"
EndProject
Project("{FAE04EC0-301F-11D3-BF4B-00C04F79EFBC}") = "Suwak", "Suwak\Suwak.csproj", "{3664FDF3-A443-4F2C-B2C9-B23F38AFD5C7}"
EndProject
Global
	GlobalSection(SolutionConfigurationPlatforms) = preSolution
		Debug|Any CPU = Debug|Any CPU
		Release|Any CPU = Release|Any CPU
	EndGlobalSection
	GlobalSection(ProjectConfigurationPlatforms) = postSolution
		{19AAF187-495A-4D83-94A1-EF5F395F4AEA}.Debug|Any CPU.ActiveCfg = Debug|Any CPU
		{19AAF187-495A-4D83-94A1-EF5F395F4AEA}.Debug|Any CPU.Build.0 = Debug|Any CPU
		{19AAF187-495A-4D83-94A1-EF5F395F4AEA}.Release|Any CPU.ActiveCfg = Release|Any CPU
		{19AAF187-495A-4D83-94A1-EF5F395F4AEA}.Release|Any CPU.Build.0 = Release|Any CPU
		{3664FDF3-A443-4F2C-B2C9-B23F38AFD5C7}.Debug|Any CPU.ActiveCfg = Debug|Any CPU
		{3664FDF3-A443-4F2C-B2C9-B23F38AFD5C7}.Debug|Any CPU.Build.0 = Debug|Any CPU
		{3664FDF3-A443-4F2C-B2C9-B23F38AFD5C7}.Release|Any CPU.ActiveCfg = Release|Any CPU
		{3664FDF3-A443-4F2C-B2C9-B23F38AFD5C7}.Release|Any CPU.Build.0 = Release|Any CPU
	EndGlobalSection
	GlobalSection(SolutionProperties) = preSolution
		HideSolutionNode = FALSE
	EndGlobalSection
	GlobalSection(ExtensibilityGlobals) = postSolution
		SolutionGuid = {D1A9D3E2-3929-482E-AA1D-18EAC05FB698}
	EndGlobalSection
EndGlobal
